# This file was autogenerated by Stack.
# You should not edit this file by hand.
# For more information, please see the documentation at:
#   https://docs.haskellstack.org/en/stable/lock_files

packages:
- completed:
    hackage: easyrender-0.1.1.4@sha256:025cc8a2a57f20aad2ad7cbd4b5ca3745b514d4e6fe90b0867529c95d04f1e07,3308
    pantry-tree:
      size: 472
      sha256: 86b6987e2f48c300ba7700186a829bd9529ad6e0f8b2978fe46570ccb5fe424d
  original:
    hackage: easyrender-0.1.1.4
- completed:
    hackage: nominal-0.2.0.0@sha256:1d6153134ecfe386c255d1da6466c5fa3e635d5db435d6c69d21643a6c65a27a,2896
    pantry-tree:
      size: 1114
      sha256: 0dfcf035435fa1462d66594f8ed439f97bbddac450b6ed76cf657a7f5ced26a4
  original:
    hackage: nominal-0.2.0.0
snapshots:
- completed:
    size: 491389
    url: https://raw.githubusercontent.com/commercialhaskell/stackage-snapshots/master/lts/15/7.yaml
    sha256: 92ab6303fe20ec928461c82ce0980b4d17c06f4e66205a2967e476474f686c17
  original: lts-15.7
